// !$*UTF8*$!
{
	archiveVersion = 1;
	classes = {
	};
	objectVersion = 55;
	objects = {

/* Begin PBXBuildFile section */
		8C50E9DF2946C0E000D6F4E0 /* AppDelegate.swift in Sources */ = {isa = PBXBuildFile; fileRef = 8C50E9DE2946C0E000D6F4E0 /* AppDelegate.swift */; };
		8C50E9E12946C0E000D6F4E0 /* SceneDelegate.swift in Sources */ = {isa = PBXBuildFile; fileRef = 8C50E9E02946C0E000D6F4E0 /* SceneDelegate.swift */; };
		8C50E9E32946C0E000D6F4E0 /* ViewController.swift in Sources */ = {isa = PBXBuildFile; fileRef = 8C50E9E22946C0E000D6F4E0 /* ViewController.swift */; };
		8C50E9E62946C0E000D6F4E0 /* Main.storyboard in Resources */ = {isa = PBXBuildFile; fileRef = 8C50E9E42946C0E000D6F4E0 /* Main.storyboard */; };
		8C50E9E82946C0E400D6F4E0 /* Assets.xcassets in Resources */ = {isa = PBXBuildFile; fileRef = 8C50E9E72946C0E400D6F4E0 /* Assets.xcassets */; };
		8C50E9EB2946C0E400D6F4E0 /* LaunchScreen.storyboard in Resources */ = {isa = PBXBuildFile; fileRef = 8C50E9E92946C0E400D6F4E0 /* LaunchScreen.storyboard */; };
		8C50E9F62946C0E400D6F4E0 /* Dispatch_QueueTests.swift in Sources */ = {isa = PBXBuildFile; fileRef = 8C50E9F52946C0E400D6F4E0 /* Dispatch_QueueTests.swift */; };
		8C50EA002946C0E400D6F4E0 /* Dispatch_QueueUITests.swift in Sources */ = {isa = PBXBuildFile; fileRef = 8C50E9FF2946C0E400D6F4E0 /* Dispatch_QueueUITests.swift */; };
		8C50EA022946C0E400D6F4E0 /* Dispatch_QueueUITestsLaunchTests.swift in Sources */ = {isa = PBXBuildFile; fileRef = 8C50EA012946C0E400D6F4E0 /* Dispatch_QueueUITestsLaunchTests.swift */; };
/* End PBXBuildFile section */

/* Begin PBXContainerItemProxy section */
		8C50E9F22946C0E400D6F4E0 /* PBXContainerItemProxy */ = {
			isa = PBXContainerItemProxy;
			containerPortal = 8C50E9D32946C0E000D6F4E0 /* Project object */;
			proxyType = 1;
			remoteGlobalIDString = 8C50E9DA2946C0E000D6F4E0;
			remoteInfo = Dispatch_Queue;
		};
		8C50E9FC2946C0E400D6F4E0 /* PBXContainerItemProxy */ = {
			isa = PBXContainerItemProxy;
			containerPortal = 8C50E9D32946C0E000D6F4E0 /* Project object */;
			proxyType = 1;
			remoteGlobalIDString = 8C50E9DA2946C0E000D6F4E0;
			remoteInfo = Dispatch_Queue;
		};
/* End PBXContainerItemProxy section */

/* Begin PBXFileReference section */
		8C50E9DB2946C0E000D6F4E0 /* Dispatch_Queue.app */ = {isa = PBXFileReference; explicitFileType = wrapper.application; includeInIndex = 0; path = Dispatch_Queue.app; sourceTree = BUILT_PRODUCTS_DIR; };
		8C50E9DE2946C0E000D6F4E0 /* AppDelegate.swift */ = {isa = PBXFileReference; lastKnownFileType = sourcecode.swift; path = AppDelegate.swift; sourceTree = "<group>"; };
		8C50E9E02946C0E000D6F4E0 /* SceneDelegate.swift */ = {isa = PBXFileReference; lastKnownFileType = sourcecode.swift; path = SceneDelegate.swift; sourceTree = "<group>"; };
		8C50E9E22946C0E000D6F4E0 /* ViewController.swift */ = {isa = PBXFileReference; lastKnownFileType = sourcecode.swift; path = ViewController.swift; sourceTree = "<group>"; };
		8C50E9E52946C0E000D6F4E0 /* Base */ = {isa = PBXFileReference; lastKnownFileType = file.storyboard; name = Base; path = Base.lproj/Main.storyboard; sourceTree = "<group>"; };
		8C50E9E72946C0E400D6F4E0 /* Assets.xcassets */ = {isa = PBXFileReference; lastKnownFileType = folder.assetcatalog; path = Assets.xcassets; sourceTree = "<group>"; };
		8C50E9EA2946C0E400D6F4E0 /* Base */ = {isa = PBXFileReference; lastKnownFileType = file.storyboard; name = Base; path = Base.lproj/LaunchScreen.storyboard; sourceTree = "<group>"; };
		8C50E9EC2946C0E400D6F4E0 /* Info.plist */ = {isa = PBXFileReference; lastKnownFileType = text.plist.xml; path = Info.plist; sourceTree = "<group>"; };
		8C50E9F12946C0E400D6F4E0 /* Dispatch_QueueTests.xctest */ = {isa = PBXFileReference; explicitFileType = wrapper.cfbundle; includeInIndex = 0; path = Dispatch_QueueTests.xctest; sourceTree = BUILT_PRODUCTS_DIR; };
		8C50E9F52946C0E400D6F4E0 /* Dispatch_QueueTests.swift */ = {isa = PBXFileReference; lastKnownFileType = sourcecode.swift; path = Dispatch_QueueTests.swift; sourceTree = "<group>"; };
		8C50E9FB2946C0E400D6F4E0 /* Dispatch_QueueUITests.xctest */ = {isa = PBXFileReference; explicitFileType = wrapper.cfbundle; includeInIndex = 0; path = Dispatch_QueueUITests.xctest; sourceTree = BUILT_PRODUCTS_DIR; };
		8C50E9FF2946C0E400D6F4E0 /* Dispatch_QueueUITests.swift */ = {isa = PBXFileReference; lastKnownFileType = sourcecode.swift; path = Dispatch_QueueUITests.swift; sourceTree = "<group>"; };
		8C50EA012946C0E400D6F4E0 /* Dispatch_QueueUITestsLaunchTests.swift */ = {isa = PBXFileReference; lastKnownFileType = sourcecode.swift; path = Dispatch_QueueUITestsLaunchTests.swift; sourceTree = "<group>"; };
/* End PBXFileReference section */

/* Begin PBXFrameworksBuildPhase section */
		8C50E9D82946C0E000D6F4E0 /* Frameworks */ = {
			isa = PBXFrameworksBuildPhase;
			buildActionMask = 2147483647;
			files = (
			);
			runOnlyForDeploymentPostprocessing = 0;
		};
		8C50E9EE2946C0E400D6F4E0 /* Frameworks */ = {
			isa = PBXFrameworksBuildPhase;
			buildActionMask = 2147483647;
			files = (
			);
			runOnlyForDeploymentPostprocessing = 0;
		};
		8C50E9F82946C0E400D6F4E0 /* Frameworks */ = {
			isa = PBXFrameworksBuildPhase;
			buildActionMask = 2147483647;
			files = (
			);
			runOnlyForDeploymentPostprocessing = 0;
		};
/* End PBXFrameworksBuildPhase section */

/* Begin PBXGroup section */
		8C50E9D22946C0E000D6F4E0 = {
			isa = PBXGroup;
			children = (
				8C50E9DD2946C0E000D6F4E0 /* Dispatch_Queue */,
				8C50E9F42946C0E400D6F4E0 /* Dispatch_QueueTests */,
				8C50E9FE2946C0E400D6F4E0 /* Dispatch_QueueUITests */,
				8C50E9DC2946C0E000D6F4E0 /* Products */,
			);
			sourceTree = "<group>";
		};
		8C50E9DC2946C0E000D6F4E0 /* Products */ = {
			isa = PBXGroup;
			children = (
				8C50E9DB2946C0E000D6F4E0 /* Dispatch_Queue.app */,
				8C50E9F12946C0E400D6F4E0 /* Dispatch_QueueTests.xctest */,
				8C50E9FB2946C0E400D6F4E0 /* Dispatch_QueueUITests.xctest */,
			);
			name = Products;
			sourceTree = "<group>";
		};
		8C50E9DD2946C0E000D6F4E0 /* Dispatch_Queue */ = {
			isa = PBXGroup;
			children = (
				8C50E9DE2946C0E000D6F4E0 /* AppDelegate.swift */,
				8C50E9E02946C0E000D6F4E0 /* SceneDelegate.swift */,
				8C50E9E22946C0E000D6F4E0 /* ViewController.swift */,
				8C50E9E42946C0E000D6F4E0 /* Main.storyboard */,
				8C50E9E72946C0E400D6F4E0 /* Assets.xcassets */,
				8C50E9E92946C0E400D6F4E0 /* LaunchScreen.storyboard */,
				8C50E9EC2946C0E400D6F4E0 /* Info.plist */,
			);
			path = Dispatch_Queue;
			sourceTree = "<group>";
		};
		8C50E9F42946C0E400D6F4E0 /* Dispatch_QueueTests */ = {
			isa = PBXGroup;
			children = (
				8C50E9F52946C0E400D6F4E0 /* Dispatch_QueueTests.swift */,
			);
			path = Dispatch_QueueTests;
			sourceTree = "<group>";
		};
		8C50E9FE2946C0E400D6F4E0 /* Dispatch_QueueUITests */ = {
			isa = PBXGroup;
			children = (
				8C50E9FF2946C0E400D6F4E0 /* Dispatch_QueueUITests.swift */,
				8C50EA012946C0E400D6F4E0 /* Dispatch_QueueUITestsLaunchTests.swift */,
			);
			path = Dispatch_QueueUITests;
			sourceTree = "<group>";
		};
/* End PBXGroup section */

/* Begin PBXNativeTarget section */
		8C50E9DA2946C0E000D6F4E0 /* Dispatch_Queue */ = {
			isa = PBXNativeTarget;
			buildConfigurationList = 8C50EA052946C0E400D6F4E0 /* Build configuration list for PBXNativeTarget "Dispatch_Queue" */;
			buildPhases = (
				8C50E9D72946C0E000D6F4E0 /* Sources */,
				8C50E9D82946C0E000D6F4E0 /* Frameworks */,
				8C50E9D92946C0E000D6F4E0 /* Resources */,
			);
			buildRules = (
			);
			dependencies = (
			);
			name = Dispatch_Queue;
			productName = Dispatch_Queue;
			productReference = 8C50E9DB2946C0E000D6F4E0 /* Dispatch_Queue.app */;
			productType = "com.apple.product-type.application";
		};
		8C50E9F02946C0E400D6F4E0 /* Dispatch_QueueTests */ = {
			isa = PBXNativeTarget;
			buildConfigurationList = 8C50EA082946C0E400D6F4E0 /* Build configuration list for PBXNativeTarget "Dispatch_QueueTests" */;
			buildPhases = (
				8C50E9ED2946C0E400D6F4E0 /* Sources */,
				8C50E9EE2946C0E400D6F4E0 /* Frameworks */,
				8C50E9EF2946C0E400D6F4E0 /* Resources */,
			);
			buildRules = (
			);
			dependencies = (
				8C50E9F32946C0E400D6F4E0 /* PBXTargetDependency */,
			);
			name = Dispatch_QueueTests;
			productName = Dispatch_QueueTests;
			productReference = 8C50E9F12946C0E400D6F4E0 /* Dispatch_QueueTests.xctest */;
			productType = "com.apple.product-type.bundle.unit-test";
		};
		8C50E9FA2946C0E400D6F4E0 /* Dispatch_QueueUITests */ = {
			isa = PBXNativeTarget;
			buildConfigurationList = 8C50EA0B2946C0E400D6F4E0 /* Build configuration list for PBXNativeTarget "Dispatch_QueueUITests" */;
			buildPhases = (
				8C50E9F72946C0E400D6F4E0 /* Sources */,
				8C50E9F82946C0E400D6F4E0 /* Frameworks */,
				8C50E9F92946C0E400D6F4E0 /* Resources */,
			);
			buildRules = (
			);
			dependencies = (
				8C50E9FD2946C0E400D6F4E0 /* PBXTargetDependency */,
			);
			name = Dispatch_QueueUITests;
			productName = Dispatch_QueueUITests;
			productReference = 8C50E9FB2946C0E400D6F4E0 /* Dispatch_QueueUITests.xctest */;
			productType = "com.apple.product-type.bundle.ui-testing";
		};
/* End PBXNativeTarget section */

/* Begin PBXProject section */
		8C50E9D32946C0E000D6F4E0 /* Project object */ = {
			isa = PBXProject;
			attributes = {
				BuildIndependentTargetsInParallel = 1;
				LastSwiftUpdateCheck = 1330;
				LastUpgradeCheck = 1330;
				TargetAttributes = {
					8C50E9DA2946C0E000D6F4E0 = {
						CreatedOnToolsVersion = 13.3;
					};
					8C50E9F02946C0E400D6F4E0 = {
						CreatedOnToolsVersion = 13.3;
						TestTargetID = 8C50E9DA2946C0E000D6F4E0;
					};
					8C50E9FA2946C0E400D6F4E0 = {
						CreatedOnToolsVersion = 13.3;
						TestTargetID = 8C50E9DA2946C0E000D6F4E0;
					};
				};
			};
			buildConfigurationList = 8C50E9D62946C0E000D6F4E0 /* Build configuration list for PBXProject "Dispatch_Queue" */;
			compatibilityVersion = "Xcode 13.0";
			developmentRegion = en;
			hasScannedForEncodings = 0;
			knownRegions = (
				en,
				Base,
			);
			mainGroup = 8C50E9D22946C0E000D6F4E0;
			productRefGroup = 8C50E9DC2946C0E000D6F4E0 /* Products */;
			projectDirPath = "";
			projectRoot = "";
			targets = (
				8C50E9DA2946C0E000D6F4E0 /* Dispatch_Queue */,
				8C50E9F02946C0E400D6F4E0 /* Dispatch_QueueTests */,
				8C50E9FA2946C0E400D6F4E0 /* Dispatch_QueueUITests */,
			);
		};
/* End PBXProject section */

/* Begin PBXResourcesBuildPhase section */
		8C50E9D92946C0E000D6F4E0 /* Resources */ = {
			isa = PBXResourcesBuildPhase;
			buildActionMask = 2147483647;
			files = (
				8C50E9EB2946C0E400D6F4E0 /* LaunchScreen.storyboard in Resources */,
				8C50E9E82946C0E400D6F4E0 /* Assets.xcassets in Resources */,
				8C50E9E62946C0E000D6F4E0 /* Main.storyboard in Resources */,
			);
			runOnlyForDeploymentPostprocessing = 0;
		};
		8C50E9EF2946C0E400D6F4E0 /* Resources */ = {
			isa = PBXResourcesBuildPhase;
			buildActionMask = 2147483647;
			files = (
			);
			runOnlyForDeploymentPostprocessing = 0;
		};
		8C50E9F92946C0E400D6F4E0 /* Resources */ = {
			isa = PBXResourcesBuildPhase;
			buildActionMask = 2147483647;
			files = (
			);
			runOnlyForDeploymentPostprocessing = 0;
		};
/* End PBXResourcesBuildPhase section */

/* Begin PBXSourcesBuildPhase section */
		8C50E9D72946C0E000D6F4E0 /* Sources */ = {
			isa = PBXSourcesBuildPhase;
			buildActionMask = 2147483647;
			files = (
				8C50E9E32946C0E000D6F4E0 /* ViewController.swift in Sources */,
				8C50E9DF2946C0E000D6F4E0 /* AppDelegate.swift in Sources */,
				8C50E9E12946C0E000D6F4E0 /* SceneDelegate.swift in Sources */,
			);
			runOnlyForDeploymentPostprocessing = 0;
		};
		8C50E9ED2946C0E400D6F4E0 /* Sources */ = {
			isa = PBXSourcesBuildPhase;
			buildActionMask = 2147483647;
			files = (
				8C50E9F62946C0E400D6F4E0 /* Dispatch_QueueTests.swift in Sources */,
			);
			runOnlyForDeploymentPostprocessing = 0;
		};
		8C50E9F72946C0E400D6F4E0 /* Sources */ = {
			isa = PBXSourcesBuildPhase;
			buildActionMask = 2147483647;
			files = (
				8C50EA022946C0E400D6F4E0 /* Dispatch_QueueUITestsLaunchTests.swift in Sources */,
				8C50EA002946C0E400D6F4E0 /* Dispatch_QueueUITests.swift in Sources */,
			);
			runOnlyForDeploymentPostprocessing = 0;
		};
/* End PBXSourcesBuildPhase section */

/* Begin PBXTargetDependency section */
		8C50E9F32946C0E400D6F4E0 /* PBXTargetDependency */ = {
			isa = PBXTargetDependency;
			target = 8C50E9DA2946C0E000D6F4E0 /* Dispatch_Queue */;
			targetProxy = 8C50E9F22946C0E400D6F4E0 /* PBXContainerItemProxy */;
		};
		8C50E9FD2946C0E400D6F4E0 /* PBXTargetDependency */ = {
			isa = PBXTargetDependency;
			target = 8C50E9DA2946C0E000D6F4E0 /* Dispatch_Queue */;
			targetProxy = 8C50E9FC2946C0E400D6F4E0 /* PBXContainerItemProxy */;
		};
/* End PBXTargetDependency section */

/* Begin PBXVariantGroup section */
		8C50E9E42946C0E000D6F4E0 /* Main.storyboard */ = {
			isa = PBXVariantGroup;
			children = (
				8C50E9E52946C0E000D6F4E0 /* Base */,
			);
			name = Main.storyboard;
			sourceTree = "<group>";
		};
		8C50E9E92946C0E400D6F4E0 /* LaunchScreen.storyboard */ = {
			isa = PBXVariantGroup;
			children = (
				8C50E9EA2946C0E400D6F4E0 /* Base */,
			);
			name = LaunchScreen.storyboard;
			sourceTree = "<group>";
		};
/* End PBXVariantGroup section */

/* Begin XCBuildConfiguration section */
		8C50EA032946C0E400D6F4E0 /* Debug */ = {
			isa = XCBuildConfiguration;
			buildSettings = {
				ALWAYS_SEARCH_USER_PATHS = NO;
				CLANG_ANALYZER_NONNULL = YES;
				CLANG_ANALYZER_NUMBER_OBJECT_CONVERSION = YES_AGGRESSIVE;
				CLANG_CXX_LANGUAGE_STANDARD = "gnu++17";
				CLANG_ENABLE_MODULES = YES;
				CLANG_ENABLE_OBJC_ARC = YES;
				CLANG_ENABLE_OBJC_WEAK = YES;
				CLANG_WARN_BLOCK_CAPTURE_AUTORELEASING = YES;
				CLANG_WARN_BOOL_CONVERSION = YES;
				CLANG_WARN_COMMA = YES;
				CLANG_WARN_CONSTANT_CONVERSION = YES;
				CLANG_WARN_DEPRECATED_OBJC_IMPLEMENTATIONS = YES;
				CLANG_WARN_DIRECT_OBJC_ISA_USAGE = YES_ERROR;
				CLANG_WARN_DOCUMENTATION_COMMENTS = YES;
				CLANG_WARN_EMPTY_BODY = YES;
				CLANG_WARN_ENUM_CONVERSION = YES;
				CLANG_WARN_INFINITE_RECURSION = YES;
				CLANG_WARN_INT_CONVERSION = YES;
				CLANG_WARN_NON_LITERAL_NULL_CONVERSION = YES;
				CLANG_WARN_OBJC_IMPLICIT_RETAIN_SELF = YES;
				CLANG_WARN_OBJC_LITERAL_CONVERSION = YES;
				CLANG_WARN_OBJC_ROOT_CLASS = YES_ERROR;
				CLANG_WARN_QUOTED_INCLUDE_IN_FRAMEWORK_HEADER = YES;
				CLANG_WARN_RANGE_LOOP_ANALYSIS = YES;
				CLANG_WARN_STRICT_PROTOTYPES = YES;
				CLANG_WARN_SUSPICIOUS_MOVE = YES;
				CLANG_WARN_UNGUARDED_AVAILABILITY = YES_AGGRESSIVE;
				CLANG_WARN_UNREACHABLE_CODE = YES;
				CLANG_WARN__DUPLICATE_METHOD_MATCH = YES;
				COPY_PHASE_STRIP = NO;
				DEBUG_INFORMATION_FORMAT = dwarf;
				ENABLE_STRICT_OBJC_MSGSEND = YES;
				ENABLE_TESTABILITY = YES;
				GCC_C_LANGUAGE_STANDARD = gnu11;
				GCC_DYNAMIC_NO_PIC = NO;
				GCC_NO_COMMON_BLOCKS = YES;
				GCC_OPTIMIZATION_LEVEL = 0;
				GCC_PREPROCESSOR_DEFINITIONS = (
					"DEBUG=1",
					"$(inherited)",
				);
				GCC_WARN_64_TO_32_BIT_CONVERSION = YES;
				GCC_WARN_ABOUT_RETURN_TYPE = YES_ERROR;
				GCC_WARN_UNDECLARED_SELECTOR = YES;
				GCC_WARN_UNINITIALIZED_AUTOS = YES_AGGRESSIVE;
				GCC_WARN_UNUSED_FUNCTION = YES;
				GCC_WARN_UNUSED_VARIABLE = YES;
				IPHONEOS_DEPLOYMENT_TARGET = 15.4;
				MTL_ENABLE_DEBUG_INFO = INCLUDE_SOURCE;
				MTL_FAST_MATH = YES;
				ONLY_ACTIVE_ARCH = YES;
				SDKROOT = iphoneos;
				SWIFT_ACTIVE_COMPILATION_CONDITIONS = DEBUG;
				SWIFT_OPTIMIZATION_LEVEL = "-Onone";
			};
			name = Debug;
		};
		8C50EA042946C0E400D6F4E0 /* Release */ = {
			isa = XCBuildConfiguration;
			buildSettings = {
				ALWAYS_SEARCH_USER_PATHS = NO;
				CLANG_ANALYZER_NONNULL = YES;
				CLANG_ANALYZER_NUMBER_OBJECT_CONVERSION = YES_AGGRESSIVE;
				CLANG_CXX_LANGUAGE_STANDARD = "gnu++17";
				CLANG_ENABLE_MODULES = YES;
				CLANG_ENABLE_OBJC_ARC = YES;
				CLANG_ENABLE_OBJC_WEAK = YES;
				CLANG_WARN_BLOCK_CAPTURE_AUTORELEASING = YES;
				CLANG_WARN_BOOL_CONVERSION = YES;
				CLANG_WARN_COMMA = YES;
				CLANG_WARN_CONSTANT_CONVERSION = YES;
				CLANG_WARN_DEPRECATED_OBJC_IMPLEMENTATIONS = YES;
				CLANG_WARN_DIRECT_OBJC_ISA_USAGE = YES_ERROR;
				CLANG_WARN_DOCUMENTATION_COMMENTS = YES;
				CLANG_WARN_EMPTY_BODY = YES;
				CLANG_WARN_ENUM_CONVERSION = YES;
				CLANG_WARN_INFINITE_RECURSION = YES;
				CLANG_WARN_INT_CONVERSION = YES;
				CLANG_WARN_NON_LITERAL_NULL_CONVERSION = YES;
				CLANG_WARN_OBJC_IMPLICIT_RETAIN_SELF = YES;
				CLANG_WARN_OBJC_LITERAL_CONVERSION = YES;
				CLANG_WARN_OBJC_ROOT_CLASS = YES_ERROR;
				CLANG_WARN_QUOTED_INCLUDE_IN_FRAMEWORK_HEADER = YES;
				CLANG_WARN_RANGE_LOOP_ANALYSIS = YES;
				CLANG_WARN_STRICT_PROTOTYPES = YES;
				CLANG_WARN_SUSPICIOUS_MOVE = YES;
				CLANG_WARN_UNGUARDED_AVAILABILITY = YES_AGGRESSIVE;
				CLANG_WARN_UNREACHABLE_CODE = YES;
				CLANG_WARN__DUPLICATE_METHOD_MATCH = YES;
				COPY_PHASE_STRIP = NO;
				DEBUG_INFORMATION_FORMAT = "dwarf-with-dsym";
				ENABLE_NS_ASSERTIONS = NO;
				ENABLE_STRICT_OBJC_MSGSEND = YES;
				GCC_C_LANGUAGE_STANDARD = gnu11;
				GCC_NO_COMMON_BLOCKS = YES;
				GCC_WARN_64_TO_32_BIT_CONVERSION = YES;
				GCC_WARN_ABOUT_RETURN_TYPE = YES_ERROR;
				GCC_WARN_UNDECLARED_SELECTOR = YES;
				GCC_WARN_UNINITIALIZED_AUTOS = YES_AGGRESSIVE;
				GCC_WARN_UNUSED_FUNCTION = YES;
				GCC_WARN_UNUSED_VARIABLE = YES;
				IPHONEOS_DEPLOYMENT_TARGET = 15.4;
				MTL_ENABLE_DEBUG_INFO = NO;
				MTL_FAST_MATH = YES;
				SDKROOT = iphoneos;
				SWIFT_COMPILATION_MODE = wholemodule;
				SWIFT_OPTIMIZATION_LEVEL = "-O";
				VALIDATE_PRODUCT = YES;
			};
			name = Release;
		};
		8C50EA062946C0E400D6F4E0 /* Debug */ = {
			isa = XCBuildConfiguration;
			buildSettings = {
				ASSETCATALOG_COMPILER_APPICON_NAME = AppIcon;
				ASSETCATALOG_COMPILER_GLOBAL_ACCENT_COLOR_NAME = AccentColor;
				CODE_SIGN_STYLE = Automatic;
				CURRENT_PROJECT_VERSION = 1;
				DEVELOPMENT_TEAM = CRP9DD5ZP3;
				GENERATE_INFOPLIST_FILE = YES;
				INFOPLIST_FILE = Dispatch_Queue/Info.plist;
				INFOPLIST_KEY_UIApplicationSupportsIndirectInputEvents = YES;
				INFOPLIST_KEY_UILaunchStoryboardName = LaunchScreen;
				INFOPLIST_KEY_UIMainStoryboardFile = Main;
				INFOPLIST_KEY_UISupportedInterfaceOrientations_iPad = "UIInterfaceOrientationPortrait UIInterfaceOrientationPortraitUpsideDown UIInterfaceOrientationLandscapeLeft UIInterfaceOrientationLandscapeRight";
				INFOPLIST_KEY_UISupportedInterfaceOrientations_iPhone = "UIInterfaceOrientationPortrait UIInterfaceOrientationLandscapeLeft UIInterfaceOrientationLandscapeRight";
				LD_RUNPATH_SEARCH_PATHS = (
					"$(inherited)",
					"@executable_path/Frameworks",
				);
				MARKETING_VERSION = 1.0;
				PRODUCT_BUNDLE_IDENTIFIER = "com.minckan.Dispatch-Queue";
				PRODUCT_NAME = "$(TARGET_NAME)";
				SWIFT_EMIT_LOC_STRINGS = YES;
				SWIFT_VERSION = 5.0;
				TARGETED_DEVICE_FAMILY = "1,2";
			};
			name = Debug;
		};
		8C50EA072946C0E400D6F4E0 /* Release */ = {
			isa = XCBuildConfiguration;
			buildSettings = {
				ASSETCATALOG_COMPILER_APPICON_NAME = AppIcon;
				ASSETCATALOG_COMPILER_GLOBAL_ACCENT_COLOR_NAME = AccentColor;
				CODE_SIGN_STYLE = Automatic;
				CURRENT_PROJECT_VERSION = 1;
				DEVELOPMENT_TEAM = CRP9DD5ZP3;
				GENERATE_INFOPLIST_FILE = YES;
				INFOPLIST_FILE = Dispatch_Queue/Info.plist;
				INFOPLIST_KEY_UIApplicationSupportsIndirectInputEvents = YES;
				INFOPLIST_KEY_UILaunchStoryboardName = LaunchScreen;
				INFOPLIST_KEY_UIMainStoryboardFile = Main;
				INFOPLIST_KEY_UISupportedInterfaceOrientations_iPad = "UIInterfaceOrientationPortrait UIInterfaceOrientationPortraitUpsideDown UIInterfaceOrientationLandscapeLeft UIInterfaceOrientationLandscapeRight";
				INFOPLIST_KEY_UISupportedInterfaceOrientations_iPhone = "UIInterfaceOrientationPortrait UIInterfaceOrientationLandscapeLeft UIInterfaceOrientationLandscapeRight";
				LD_RUNPATH_SEARCH_PATHS = (
					"$(inherited)",
					"@executable_path/Frameworks",
				);
				MARKETING_VERSION = 1.0;
				PRODUCT_BUNDLE_IDENTIFIER = "com.minckan.Dispatch-Queue";
				PRODUCT_NAME = "$(TARGET_NAME)";
				SWIFT_EMIT_LOC_STRINGS = YES;
				SWIFT_VERSION = 5.0;
				TARGETED_DEVICE_FAMILY = "1,2";
			};
			name = Release;
		};
		8C50EA092946C0E400D6F4E0 /* Debug */ = {
			isa = XCBuildConfiguration;
			buildSettings = {
				ALWAYS_EMBED_SWIFT_STANDARD_LIBRARIES = YES;
				BUNDLE_LOADER = "$(TEST_HOST)";
				CODE_SIGN_STYLE = Automatic;
				CURRENT_PROJECT_VERSION = 1;
				DEVELOPMENT_TEAM = CRP9DD5ZP3;
				GENERATE_INFOPLIST_FILE = YES;
				IPHONEOS_DEPLOYMENT_TARGET = 15.4;
				MARKETING_VERSION = 1.0;
				PRODUCT_BUNDLE_IDENTIFIER = "com.minckan.Dispatch-QueueTests";
				PRODUCT_NAME = "$(TARGET_NAME)";
				SWIFT_EMIT_LOC_STRINGS = NO;
				SWIFT_VERSION = 5.0;
				TARGETED_DEVICE_FAMILY = "1,2";
				TEST_HOST = "$(BUILT_PRODUCTS_DIR)/Dispatch_Queue.app/Dispatch_Queue";
			};
			name = Debug;
		};
		8C50EA0A2946C0E400D6F4E0 /* Release */ = {
			isa = XCBuildConfiguration;
			buildSettings = {
				ALWAYS_EMBED_SWIFT_STANDARD_LIBRARIES = YES;
				BUNDLE_LOADER = "$(TEST_HOST)";
				CODE_SIGN_STYLE = Automatic;
				CURRENT_PROJECT_VERSION = 1;
				DEVELOPMENT_TEAM = CRP9DD5ZP3;
				GENERATE_INFOPLIST_FILE = YES;
				IPHONEOS_DEPLOYMENT_TARGET = 15.4;
				MARKETING_VERSION = 1.0;
				PRODUCT_BUNDLE_IDENTIFIER = "com.minckan.Dispatch-QueueTests";
				PRODUCT_NAME = "$(TARGET_NAME)";
				SWIFT_EMIT_LOC_STRINGS = NO;
				SWIFT_VERSION = 5.0;
				TARGETED_DEVICE_FAMILY = "1,2";
				TEST_HOST = "$(BUILT_PRODUCTS_DIR)/Dispatch_Queue.app/Dispatch_Queue";
			};
			name = Release;
		};
		8C50EA0C2946C0E400D6F4E0 /* Debug */ = {
			isa = XCBuildConfiguration;
			buildSettings = {
				ALWAYS_EMBED_SWIFT_STANDARD_LIBRARIES = YES;
				CODE_SIGN_STYLE = Automatic;
				CURRENT_PROJECT_VERSION = 1;
				DEVELOPMENT_TEAM = CRP9DD5ZP3;
				GENERATE_INFOPLIST_FILE = YES;
				MARKETING_VERSION = 1.0;
				PRODUCT_BUNDLE_IDENTIFIER = "com.minckan.Dispatch-QueueUITests";
				PRODUCT_NAME = "$(TARGET_NAME)";
				SWIFT_EMIT_LOC_STRINGS = NO;
				SWIFT_VERSION = 5.0;
				TARGETED_DEVICE_FAMILY = "1,2";
				TEST_TARGET_NAME = Dispatch_Queue;
			};
			name = Debug;
		};
		8C50EA0D2946C0E400D6F4E0 /* Release */ = {
			isa = XCBuildConfiguration;
			buildSettings = {
				ALWAYS_EMBED_SWIFT_STANDARD_LIBRARIES = YES;
				CODE_SIGN_STYLE = Automatic;
				CURRENT_PROJECT_VERSION = 1;
				DEVELOPMENT_TEAM = CRP9DD5ZP3;
				GENERATE_INFOPLIST_FILE = YES;
				MARKETING_VERSION = 1.0;
				PRODUCT_BUNDLE_IDENTIFIER = "com.minckan.Dispatch-QueueUITests";
				PRODUCT_NAME = "$(TARGET_NAME)";
				SWIFT_EMIT_LOC_STRINGS = NO;
				SWIFT_VERSION = 5.0;
				TARGETED_DEVICE_FAMILY = "1,2";
				TEST_TARGET_NAME = Dispatch_Queue;
			};
			name = Release;
		};
/* End XCBuildConfiguration section */

/* Begin XCConfigurationList section */
		8C50E9D62946C0E000D6F4E0 /* Build configuration list for PBXProject "Dispatch_Queue" */ = {
			isa = XCConfigurationList;
			buildConfigurations = (
				8C50EA032946C0E400D6F4E0 /* Debug */,
				8C50EA042946C0E400D6F4E0 /* Release */,
			);
			defaultConfigurationIsVisible = 0;
			defaultConfigurationName = Release;
		};
		8C50EA052946C0E400D6F4E0 /* Build configuration list for PBXNativeTarget "Dispatch_Queue" */ = {
			isa = XCConfigurationList;
			buildConfigurations = (
				8C50EA062946C0E400D6F4E0 /* Debug */,
				8C50EA072946C0E400D6F4E0 /* Release */,
			);
			defaultConfigurationIsVisible = 0;
			defaultConfigurationName = Release;
		};
		8C50EA082946C0E400D6F4E0 /* Build configuration list for PBXNativeTarget "Dispatch_QueueTests" */ = {
			isa = XCConfigurationList;
			buildConfigurations = (
				8C50EA092946C0E400D6F4E0 /* Debug */,
				8C50EA0A2946C0E400D6F4E0 /* Release */,
			);
			defaultConfigurationIsVisible = 0;
			defaultConfigurationName = Release;
		};
		8C50EA0B2946C0E400D6F4E0 /* Build configuration list for PBXNativeTarget "Dispatch_QueueUITests" */ = {
			isa = XCConfigurationList;
			buildConfigurations = (
				8C50EA0C2946C0E400D6F4E0 /* Debug */,
				8C50EA0D2946C0E400D6F4E0 /* Release */,
			);
			defaultConfigurationIsVisible = 0;
			defaultConfigurationName = Release;
		};
/* End XCConfigurationList section */
	};
	rootObject = 8C50E9D32946C0E000D6F4E0 /* Project object */;
}
