// !$*UTF8*$!
{
	archiveVersion = 1;
	classes = {
	};
	objectVersion = 55;
	objects = {

/* Begin PBXBuildFile section */
		8CE4BA522952BDE600A328EB /* NetworkLayer.swift in Sources */ = {isa = PBXBuildFile; fileRef = 8CE4BA512952BDE600A328EB /* NetworkLayer.swift */; };
		FE1A0A52294F25E3009170C7 /* AppDelegate.swift in Sources */ = {isa = PBXBuildFile; fileRef = FE1A0A51294F25E3009170C7 /* AppDelegate.swift */; };
		FE1A0A54294F25E3009170C7 /* SceneDelegate.swift in Sources */ = {isa = PBXBuildFile; fileRef = FE1A0A53294F25E3009170C7 /* SceneDelegate.swift */; };
		FE1A0A56294F25E3009170C7 /* ViewController.swift in Sources */ = {isa = PBXBuildFile; fileRef = FE1A0A55294F25E3009170C7 /* ViewController.swift */; };
		FE1A0A59294F25E3009170C7 /* Main.storyboard in Resources */ = {isa = PBXBuildFile; fileRef = FE1A0A57294F25E3009170C7 /* Main.storyboard */; };
		FE1A0A5B294F25E4009170C7 /* Assets.xcassets in Resources */ = {isa = PBXBuildFile; fileRef = FE1A0A5A294F25E4009170C7 /* Assets.xcassets */; };
		FE1A0A5E294F25E4009170C7 /* LaunchScreen.storyboard in Resources */ = {isa = PBXBuildFile; fileRef = FE1A0A5C294F25E4009170C7 /* LaunchScreen.storyboard */; };
		FE1A0A69294F25E4009170C7 /* MovieAppTests.swift in Sources */ = {isa = PBXBuildFile; fileRef = FE1A0A68294F25E4009170C7 /* MovieAppTests.swift */; };
		FE1A0A73294F25E4009170C7 /* MovieAppUITests.swift in Sources */ = {isa = PBXBuildFile; fileRef = FE1A0A72294F25E4009170C7 /* MovieAppUITests.swift */; };
		FE1A0A75294F25E4009170C7 /* MovieAppUITestsLaunchTests.swift in Sources */ = {isa = PBXBuildFile; fileRef = FE1A0A74294F25E4009170C7 /* MovieAppUITestsLaunchTests.swift */; };
		FE1A0A82294F277A009170C7 /* MovieCell.swift in Sources */ = {isa = PBXBuildFile; fileRef = FE1A0A81294F277A009170C7 /* MovieCell.swift */; };
		FE1A0A84294F3C00009170C7 /* MovieModel.swift in Sources */ = {isa = PBXBuildFile; fileRef = FE1A0A83294F3C00009170C7 /* MovieModel.swift */; };
		FE1A0A86294F4ADE009170C7 /* DetailViewController.swift in Sources */ = {isa = PBXBuildFile; fileRef = FE1A0A85294F4ADE009170C7 /* DetailViewController.swift */; };
		FE1A0A88294F4AFA009170C7 /* DetailViewController.storyboard in Resources */ = {isa = PBXBuildFile; fileRef = FE1A0A87294F4AFA009170C7 /* DetailViewController.storyboard */; };
/* End PBXBuildFile section */

/* Begin PBXContainerItemProxy section */
		FE1A0A65294F25E4009170C7 /* PBXContainerItemProxy */ = {
			isa = PBXContainerItemProxy;
			containerPortal = FE1A0A46294F25E3009170C7 /* Project object */;
			proxyType = 1;
			remoteGlobalIDString = FE1A0A4D294F25E3009170C7;
			remoteInfo = MovieApp;
		};
		FE1A0A6F294F25E4009170C7 /* PBXContainerItemProxy */ = {
			isa = PBXContainerItemProxy;
			containerPortal = FE1A0A46294F25E3009170C7 /* Project object */;
			proxyType = 1;
			remoteGlobalIDString = FE1A0A4D294F25E3009170C7;
			remoteInfo = MovieApp;
		};
/* End PBXContainerItemProxy section */

/* Begin PBXFileReference section */
		8CE4BA512952BDE600A328EB /* NetworkLayer.swift */ = {isa = PBXFileReference; lastKnownFileType = sourcecode.swift; path = NetworkLayer.swift; sourceTree = "<group>"; };
		FE1A0A4E294F25E3009170C7 /* MovieApp.app */ = {isa = PBXFileReference; explicitFileType = wrapper.application; includeInIndex = 0; path = MovieApp.app; sourceTree = BUILT_PRODUCTS_DIR; };
		FE1A0A51294F25E3009170C7 /* AppDelegate.swift */ = {isa = PBXFileReference; lastKnownFileType = sourcecode.swift; path = AppDelegate.swift; sourceTree = "<group>"; };
		FE1A0A53294F25E3009170C7 /* SceneDelegate.swift */ = {isa = PBXFileReference; lastKnownFileType = sourcecode.swift; path = SceneDelegate.swift; sourceTree = "<group>"; };
		FE1A0A55294F25E3009170C7 /* ViewController.swift */ = {isa = PBXFileReference; lastKnownFileType = sourcecode.swift; path = ViewController.swift; sourceTree = "<group>"; };
		FE1A0A58294F25E3009170C7 /* Base */ = {isa = PBXFileReference; lastKnownFileType = file.storyboard; name = Base; path = Base.lproj/Main.storyboard; sourceTree = "<group>"; };
		FE1A0A5A294F25E4009170C7 /* Assets.xcassets */ = {isa = PBXFileReference; lastKnownFileType = folder.assetcatalog; path = Assets.xcassets; sourceTree = "<group>"; };
		FE1A0A5D294F25E4009170C7 /* Base */ = {isa = PBXFileReference; lastKnownFileType = file.storyboard; name = Base; path = Base.lproj/LaunchScreen.storyboard; sourceTree = "<group>"; };
		FE1A0A5F294F25E4009170C7 /* Info.plist */ = {isa = PBXFileReference; lastKnownFileType = text.plist.xml; path = Info.plist; sourceTree = "<group>"; };
		FE1A0A64294F25E4009170C7 /* MovieAppTests.xctest */ = {isa = PBXFileReference; explicitFileType = wrapper.cfbundle; includeInIndex = 0; path = MovieAppTests.xctest; sourceTree = BUILT_PRODUCTS_DIR; };
		FE1A0A68294F25E4009170C7 /* MovieAppTests.swift */ = {isa = PBXFileReference; lastKnownFileType = sourcecode.swift; path = MovieAppTests.swift; sourceTree = "<group>"; };
		FE1A0A6E294F25E4009170C7 /* MovieAppUITests.xctest */ = {isa = PBXFileReference; explicitFileType = wrapper.cfbundle; includeInIndex = 0; path = MovieAppUITests.xctest; sourceTree = BUILT_PRODUCTS_DIR; };
		FE1A0A72294F25E4009170C7 /* MovieAppUITests.swift */ = {isa = PBXFileReference; lastKnownFileType = sourcecode.swift; path = MovieAppUITests.swift; sourceTree = "<group>"; };
		FE1A0A74294F25E4009170C7 /* MovieAppUITestsLaunchTests.swift */ = {isa = PBXFileReference; lastKnownFileType = sourcecode.swift; path = MovieAppUITestsLaunchTests.swift; sourceTree = "<group>"; };
		FE1A0A81294F277A009170C7 /* MovieCell.swift */ = {isa = PBXFileReference; lastKnownFileType = sourcecode.swift; path = MovieCell.swift; sourceTree = "<group>"; };
		FE1A0A83294F3C00009170C7 /* MovieModel.swift */ = {isa = PBXFileReference; lastKnownFileType = sourcecode.swift; path = MovieModel.swift; sourceTree = "<group>"; };
		FE1A0A85294F4ADE009170C7 /* DetailViewController.swift */ = {isa = PBXFileReference; lastKnownFileType = sourcecode.swift; path = DetailViewController.swift; sourceTree = "<group>"; };
		FE1A0A87294F4AFA009170C7 /* DetailViewController.storyboard */ = {isa = PBXFileReference; lastKnownFileType = file.storyboard; path = DetailViewController.storyboard; sourceTree = "<group>"; };
/* End PBXFileReference section */

/* Begin PBXFrameworksBuildPhase section */
		FE1A0A4B294F25E3009170C7 /* Frameworks */ = {
			isa = PBXFrameworksBuildPhase;
			buildActionMask = 2147483647;
			files = (
			);
			runOnlyForDeploymentPostprocessing = 0;
		};
		FE1A0A61294F25E4009170C7 /* Frameworks */ = {
			isa = PBXFrameworksBuildPhase;
			buildActionMask = 2147483647;
			files = (
			);
			runOnlyForDeploymentPostprocessing = 0;
		};
		FE1A0A6B294F25E4009170C7 /* Frameworks */ = {
			isa = PBXFrameworksBuildPhase;
			buildActionMask = 2147483647;
			files = (
			);
			runOnlyForDeploymentPostprocessing = 0;
		};
/* End PBXFrameworksBuildPhase section */

/* Begin PBXGroup section */
		FE1A0A45294F25E3009170C7 = {
			isa = PBXGroup;
			children = (
				FE1A0A50294F25E3009170C7 /* MovieApp */,
				FE1A0A67294F25E4009170C7 /* MovieAppTests */,
				FE1A0A71294F25E4009170C7 /* MovieAppUITests */,
				FE1A0A4F294F25E3009170C7 /* Products */,
			);
			sourceTree = "<group>";
		};
		FE1A0A4F294F25E3009170C7 /* Products */ = {
			isa = PBXGroup;
			children = (
				FE1A0A4E294F25E3009170C7 /* MovieApp.app */,
				FE1A0A64294F25E4009170C7 /* MovieAppTests.xctest */,
				FE1A0A6E294F25E4009170C7 /* MovieAppUITests.xctest */,
			);
			name = Products;
			sourceTree = "<group>";
		};
		FE1A0A50294F25E3009170C7 /* MovieApp */ = {
			isa = PBXGroup;
			children = (
				FE1A0A51294F25E3009170C7 /* AppDelegate.swift */,
				FE1A0A53294F25E3009170C7 /* SceneDelegate.swift */,
				FE1A0A55294F25E3009170C7 /* ViewController.swift */,
				FE1A0A85294F4ADE009170C7 /* DetailViewController.swift */,
				FE1A0A87294F4AFA009170C7 /* DetailViewController.storyboard */,
				FE1A0A57294F25E3009170C7 /* Main.storyboard */,
				8CE4BA512952BDE600A328EB /* NetworkLayer.swift */,
				FE1A0A81294F277A009170C7 /* MovieCell.swift */,
				FE1A0A83294F3C00009170C7 /* MovieModel.swift */,
				FE1A0A5A294F25E4009170C7 /* Assets.xcassets */,
				FE1A0A5C294F25E4009170C7 /* LaunchScreen.storyboard */,
				FE1A0A5F294F25E4009170C7 /* Info.plist */,
			);
			path = MovieApp;
			sourceTree = "<group>";
		};
		FE1A0A67294F25E4009170C7 /* MovieAppTests */ = {
			isa = PBXGroup;
			children = (
				FE1A0A68294F25E4009170C7 /* MovieAppTests.swift */,
			);
			path = MovieAppTests;
			sourceTree = "<group>";
		};
		FE1A0A71294F25E4009170C7 /* MovieAppUITests */ = {
			isa = PBXGroup;
			children = (
				FE1A0A72294F25E4009170C7 /* MovieAppUITests.swift */,
				FE1A0A74294F25E4009170C7 /* MovieAppUITestsLaunchTests.swift */,
			);
			path = MovieAppUITests;
			sourceTree = "<group>";
		};
/* End PBXGroup section */

/* Begin PBXNativeTarget section */
		FE1A0A4D294F25E3009170C7 /* MovieApp */ = {
			isa = PBXNativeTarget;
			buildConfigurationList = FE1A0A78294F25E4009170C7 /* Build configuration list for PBXNativeTarget "MovieApp" */;
			buildPhases = (
				FE1A0A4A294F25E3009170C7 /* Sources */,
				FE1A0A4B294F25E3009170C7 /* Frameworks */,
				FE1A0A4C294F25E3009170C7 /* Resources */,
			);
			buildRules = (
			);
			dependencies = (
			);
			name = MovieApp;
			productName = MovieApp;
			productReference = FE1A0A4E294F25E3009170C7 /* MovieApp.app */;
			productType = "com.apple.product-type.application";
		};
		FE1A0A63294F25E4009170C7 /* MovieAppTests */ = {
			isa = PBXNativeTarget;
			buildConfigurationList = FE1A0A7B294F25E4009170C7 /* Build configuration list for PBXNativeTarget "MovieAppTests" */;
			buildPhases = (
				FE1A0A60294F25E4009170C7 /* Sources */,
				FE1A0A61294F25E4009170C7 /* Frameworks */,
				FE1A0A62294F25E4009170C7 /* Resources */,
			);
			buildRules = (
			);
			dependencies = (
				FE1A0A66294F25E4009170C7 /* PBXTargetDependency */,
			);
			name = MovieAppTests;
			productName = MovieAppTests;
			productReference = FE1A0A64294F25E4009170C7 /* MovieAppTests.xctest */;
			productType = "com.apple.product-type.bundle.unit-test";
		};
		FE1A0A6D294F25E4009170C7 /* MovieAppUITests */ = {
			isa = PBXNativeTarget;
			buildConfigurationList = FE1A0A7E294F25E4009170C7 /* Build configuration list for PBXNativeTarget "MovieAppUITests" */;
			buildPhases = (
				FE1A0A6A294F25E4009170C7 /* Sources */,
				FE1A0A6B294F25E4009170C7 /* Frameworks */,
				FE1A0A6C294F25E4009170C7 /* Resources */,
			);
			buildRules = (
			);
			dependencies = (
				FE1A0A70294F25E4009170C7 /* PBXTargetDependency */,
			);
			name = MovieAppUITests;
			productName = MovieAppUITests;
			productReference = FE1A0A6E294F25E4009170C7 /* MovieAppUITests.xctest */;
			productType = "com.apple.product-type.bundle.ui-testing";
		};
/* End PBXNativeTarget section */

/* Begin PBXProject section */
		FE1A0A46294F25E3009170C7 /* Project object */ = {
			isa = PBXProject;
			attributes = {
				BuildIndependentTargetsInParallel = 1;
				LastSwiftUpdateCheck = 1310;
				LastUpgradeCheck = 1310;
				TargetAttributes = {
					FE1A0A4D294F25E3009170C7 = {
						CreatedOnToolsVersion = 13.1;
					};
					FE1A0A63294F25E4009170C7 = {
						CreatedOnToolsVersion = 13.1;
						TestTargetID = FE1A0A4D294F25E3009170C7;
					};
					FE1A0A6D294F25E4009170C7 = {
						CreatedOnToolsVersion = 13.1;
						TestTargetID = FE1A0A4D294F25E3009170C7;
					};
				};
			};
			buildConfigurationList = FE1A0A49294F25E3009170C7 /* Build configuration list for PBXProject "MovieApp" */;
			compatibilityVersion = "Xcode 13.0";
			developmentRegion = en;
			hasScannedForEncodings = 0;
			knownRegions = (
				en,
				Base,
			);
			mainGroup = FE1A0A45294F25E3009170C7;
			productRefGroup = FE1A0A4F294F25E3009170C7 /* Products */;
			projectDirPath = "";
			projectRoot = "";
			targets = (
				FE1A0A4D294F25E3009170C7 /* MovieApp */,
				FE1A0A63294F25E4009170C7 /* MovieAppTests */,
				FE1A0A6D294F25E4009170C7 /* MovieAppUITests */,
			);
		};
/* End PBXProject section */

/* Begin PBXResourcesBuildPhase section */
		FE1A0A4C294F25E3009170C7 /* Resources */ = {
			isa = PBXResourcesBuildPhase;
			buildActionMask = 2147483647;
			files = (
				FE1A0A88294F4AFA009170C7 /* DetailViewController.storyboard in Resources */,
				FE1A0A5E294F25E4009170C7 /* LaunchScreen.storyboard in Resources */,
				FE1A0A5B294F25E4009170C7 /* Assets.xcassets in Resources */,
				FE1A0A59294F25E3009170C7 /* Main.storyboard in Resources */,
			);
			runOnlyForDeploymentPostprocessing = 0;
		};
		FE1A0A62294F25E4009170C7 /* Resources */ = {
			isa = PBXResourcesBuildPhase;
			buildActionMask = 2147483647;
			files = (
			);
			runOnlyForDeploymentPostprocessing = 0;
		};
		FE1A0A6C294F25E4009170C7 /* Resources */ = {
			isa = PBXResourcesBuildPhase;
			buildActionMask = 2147483647;
			files = (
			);
			runOnlyForDeploymentPostprocessing = 0;
		};
/* End PBXResourcesBuildPhase section */

/* Begin PBXSourcesBuildPhase section */
		FE1A0A4A294F25E3009170C7 /* Sources */ = {
			isa = PBXSourcesBuildPhase;
			buildActionMask = 2147483647;
			files = (
				8CE4BA522952BDE600A328EB /* NetworkLayer.swift in Sources */,
				FE1A0A56294F25E3009170C7 /* ViewController.swift in Sources */,
				FE1A0A52294F25E3009170C7 /* AppDelegate.swift in Sources */,
				FE1A0A84294F3C00009170C7 /* MovieModel.swift in Sources */,
				FE1A0A86294F4ADE009170C7 /* DetailViewController.swift in Sources */,
				FE1A0A82294F277A009170C7 /* MovieCell.swift in Sources */,
				FE1A0A54294F25E3009170C7 /* SceneDelegate.swift in Sources */,
			);
			runOnlyForDeploymentPostprocessing = 0;
		};
		FE1A0A60294F25E4009170C7 /* Sources */ = {
			isa = PBXSourcesBuildPhase;
			buildActionMask = 2147483647;
			files = (
				FE1A0A69294F25E4009170C7 /* MovieAppTests.swift in Sources */,
			);
			runOnlyForDeploymentPostprocessing = 0;
		};
		FE1A0A6A294F25E4009170C7 /* Sources */ = {
			isa = PBXSourcesBuildPhase;
			buildActionMask = 2147483647;
			files = (
				FE1A0A75294F25E4009170C7 /* MovieAppUITestsLaunchTests.swift in Sources */,
				FE1A0A73294F25E4009170C7 /* MovieAppUITests.swift in Sources */,
			);
			runOnlyForDeploymentPostprocessing = 0;
		};
/* End PBXSourcesBuildPhase section */

/* Begin PBXTargetDependency section */
		FE1A0A66294F25E4009170C7 /* PBXTargetDependency */ = {
			isa = PBXTargetDependency;
			target = FE1A0A4D294F25E3009170C7 /* MovieApp */;
			targetProxy = FE1A0A65294F25E4009170C7 /* PBXContainerItemProxy */;
		};
		FE1A0A70294F25E4009170C7 /* PBXTargetDependency */ = {
			isa = PBXTargetDependency;
			target = FE1A0A4D294F25E3009170C7 /* MovieApp */;
			targetProxy = FE1A0A6F294F25E4009170C7 /* PBXContainerItemProxy */;
		};
/* End PBXTargetDependency section */

/* Begin PBXVariantGroup section */
		FE1A0A57294F25E3009170C7 /* Main.storyboard */ = {
			isa = PBXVariantGroup;
			children = (
				FE1A0A58294F25E3009170C7 /* Base */,
			);
			name = Main.storyboard;
			sourceTree = "<group>";
		};
		FE1A0A5C294F25E4009170C7 /* LaunchScreen.storyboard */ = {
			isa = PBXVariantGroup;
			children = (
				FE1A0A5D294F25E4009170C7 /* Base */,
			);
			name = LaunchScreen.storyboard;
			sourceTree = "<group>";
		};
/* End PBXVariantGroup section */

/* Begin XCBuildConfiguration section */
		FE1A0A76294F25E4009170C7 /* Debug */ = {
			isa = XCBuildConfiguration;
			buildSettings = {
				ALWAYS_SEARCH_USER_PATHS = NO;
				CLANG_ANALYZER_NONNULL = YES;
				CLANG_ANALYZER_NUMBER_OBJECT_CONVERSION = YES_AGGRESSIVE;
				CLANG_CXX_LANGUAGE_STANDARD = "gnu++17";
				CLANG_CXX_LIBRARY = "libc++";
				CLANG_ENABLE_MODULES = YES;
				CLANG_ENABLE_OBJC_ARC = YES;
				CLANG_ENABLE_OBJC_WEAK = YES;
				CLANG_WARN_BLOCK_CAPTURE_AUTORELEASING = YES;
				CLANG_WARN_BOOL_CONVERSION = YES;
				CLANG_WARN_COMMA = YES;
				CLANG_WARN_CONSTANT_CONVERSION = YES;
				CLANG_WARN_DEPRECATED_OBJC_IMPLEMENTATIONS = YES;
				CLANG_WARN_DIRECT_OBJC_ISA_USAGE = YES_ERROR;
				CLANG_WARN_DOCUMENTATION_COMMENTS = YES;
				CLANG_WARN_EMPTY_BODY = YES;
				CLANG_WARN_ENUM_CONVERSION = YES;
				CLANG_WARN_INFINITE_RECURSION = YES;
				CLANG_WARN_INT_CONVERSION = YES;
				CLANG_WARN_NON_LITERAL_NULL_CONVERSION = YES;
				CLANG_WARN_OBJC_IMPLICIT_RETAIN_SELF = YES;
				CLANG_WARN_OBJC_LITERAL_CONVERSION = YES;
				CLANG_WARN_OBJC_ROOT_CLASS = YES_ERROR;
				CLANG_WARN_QUOTED_INCLUDE_IN_FRAMEWORK_HEADER = YES;
				CLANG_WARN_RANGE_LOOP_ANALYSIS = YES;
				CLANG_WARN_STRICT_PROTOTYPES = YES;
				CLANG_WARN_SUSPICIOUS_MOVE = YES;
				CLANG_WARN_UNGUARDED_AVAILABILITY = YES_AGGRESSIVE;
				CLANG_WARN_UNREACHABLE_CODE = YES;
				CLANG_WARN__DUPLICATE_METHOD_MATCH = YES;
				COPY_PHASE_STRIP = NO;
				DEBUG_INFORMATION_FORMAT = dwarf;
				ENABLE_STRICT_OBJC_MSGSEND = YES;
				ENABLE_TESTABILITY = YES;
				GCC_C_LANGUAGE_STANDARD = gnu11;
				GCC_DYNAMIC_NO_PIC = NO;
				GCC_NO_COMMON_BLOCKS = YES;
				GCC_OPTIMIZATION_LEVEL = 0;
				GCC_PREPROCESSOR_DEFINITIONS = (
					"DEBUG=1",
					"$(inherited)",
				);
				GCC_WARN_64_TO_32_BIT_CONVERSION = YES;
				GCC_WARN_ABOUT_RETURN_TYPE = YES_ERROR;
				GCC_WARN_UNDECLARED_SELECTOR = YES;
				GCC_WARN_UNINITIALIZED_AUTOS = YES_AGGRESSIVE;
				GCC_WARN_UNUSED_FUNCTION = YES;
				GCC_WARN_UNUSED_VARIABLE = YES;
				IPHONEOS_DEPLOYMENT_TARGET = 15.0;
				MTL_ENABLE_DEBUG_INFO = INCLUDE_SOURCE;
				MTL_FAST_MATH = YES;
				ONLY_ACTIVE_ARCH = YES;
				SDKROOT = iphoneos;
				SWIFT_ACTIVE_COMPILATION_CONDITIONS = DEBUG;
				SWIFT_OPTIMIZATION_LEVEL = "-Onone";
			};
			name = Debug;
		};
		FE1A0A77294F25E4009170C7 /* Release */ = {
			isa = XCBuildConfiguration;
			buildSettings = {
				ALWAYS_SEARCH_USER_PATHS = NO;
				CLANG_ANALYZER_NONNULL = YES;
				CLANG_ANALYZER_NUMBER_OBJECT_CONVERSION = YES_AGGRESSIVE;
				CLANG_CXX_LANGUAGE_STANDARD = "gnu++17";
				CLANG_CXX_LIBRARY = "libc++";
				CLANG_ENABLE_MODULES = YES;
				CLANG_ENABLE_OBJC_ARC = YES;
				CLANG_ENABLE_OBJC_WEAK = YES;
				CLANG_WARN_BLOCK_CAPTURE_AUTORELEASING = YES;
				CLANG_WARN_BOOL_CONVERSION = YES;
				CLANG_WARN_COMMA = YES;
				CLANG_WARN_CONSTANT_CONVERSION = YES;
				CLANG_WARN_DEPRECATED_OBJC_IMPLEMENTATIONS = YES;
				CLANG_WARN_DIRECT_OBJC_ISA_USAGE = YES_ERROR;
				CLANG_WARN_DOCUMENTATION_COMMENTS = YES;
				CLANG_WARN_EMPTY_BODY = YES;
				CLANG_WARN_ENUM_CONVERSION = YES;
				CLANG_WARN_INFINITE_RECURSION = YES;
				CLANG_WARN_INT_CONVERSION = YES;
				CLANG_WARN_NON_LITERAL_NULL_CONVERSION = YES;
				CLANG_WARN_OBJC_IMPLICIT_RETAIN_SELF = YES;
				CLANG_WARN_OBJC_LITERAL_CONVERSION = YES;
				CLANG_WARN_OBJC_ROOT_CLASS = YES_ERROR;
				CLANG_WARN_QUOTED_INCLUDE_IN_FRAMEWORK_HEADER = YES;
				CLANG_WARN_RANGE_LOOP_ANALYSIS = YES;
				CLANG_WARN_STRICT_PROTOTYPES = YES;
				CLANG_WARN_SUSPICIOUS_MOVE = YES;
				CLANG_WARN_UNGUARDED_AVAILABILITY = YES_AGGRESSIVE;
				CLANG_WARN_UNREACHABLE_CODE = YES;
				CLANG_WARN__DUPLICATE_METHOD_MATCH = YES;
				COPY_PHASE_STRIP = NO;
				DEBUG_INFORMATION_FORMAT = "dwarf-with-dsym";
				ENABLE_NS_ASSERTIONS = NO;
				ENABLE_STRICT_OBJC_MSGSEND = YES;
				GCC_C_LANGUAGE_STANDARD = gnu11;
				GCC_NO_COMMON_BLOCKS = YES;
				GCC_WARN_64_TO_32_BIT_CONVERSION = YES;
				GCC_WARN_ABOUT_RETURN_TYPE = YES_ERROR;
				GCC_WARN_UNDECLARED_SELECTOR = YES;
				GCC_WARN_UNINITIALIZED_AUTOS = YES_AGGRESSIVE;
				GCC_WARN_UNUSED_FUNCTION = YES;
				GCC_WARN_UNUSED_VARIABLE = YES;
				IPHONEOS_DEPLOYMENT_TARGET = 15.0;
				MTL_ENABLE_DEBUG_INFO = NO;
				MTL_FAST_MATH = YES;
				SDKROOT = iphoneos;
				SWIFT_COMPILATION_MODE = wholemodule;
				SWIFT_OPTIMIZATION_LEVEL = "-O";
				VALIDATE_PRODUCT = YES;
			};
			name = Release;
		};
		FE1A0A79294F25E4009170C7 /* Debug */ = {
			isa = XCBuildConfiguration;
			buildSettings = {
				ASSETCATALOG_COMPILER_APPICON_NAME = AppIcon;
				ASSETCATALOG_COMPILER_GLOBAL_ACCENT_COLOR_NAME = AccentColor;
				CODE_SIGN_STYLE = Automatic;
				CURRENT_PROJECT_VERSION = 1;
				DEVELOPMENT_TEAM = 2F862T5BQ6;
				GENERATE_INFOPLIST_FILE = YES;
				INFOPLIST_FILE = MovieApp/Info.plist;
				INFOPLIST_KEY_UIApplicationSupportsIndirectInputEvents = YES;
				INFOPLIST_KEY_UILaunchStoryboardName = LaunchScreen;
				INFOPLIST_KEY_UIMainStoryboardFile = Main;
				INFOPLIST_KEY_UISupportedInterfaceOrientations_iPad = "UIInterfaceOrientationPortrait UIInterfaceOrientationPortraitUpsideDown UIInterfaceOrientationLandscapeLeft UIInterfaceOrientationLandscapeRight";
				INFOPLIST_KEY_UISupportedInterfaceOrientations_iPhone = "UIInterfaceOrientationPortrait UIInterfaceOrientationLandscapeLeft UIInterfaceOrientationLandscapeRight";
				LD_RUNPATH_SEARCH_PATHS = (
					"$(inherited)",
					"@executable_path/Frameworks",
				);
				MARKETING_VERSION = 1.0;
				PRODUCT_BUNDLE_IDENTIFIER = com.minckan.MovieApp;
				PRODUCT_NAME = "$(TARGET_NAME)";
				SWIFT_EMIT_LOC_STRINGS = YES;
				SWIFT_VERSION = 5.0;
				TARGETED_DEVICE_FAMILY = "1,2";
			};
			name = Debug;
		};
		FE1A0A7A294F25E4009170C7 /* Release */ = {
			isa = XCBuildConfiguration;
			buildSettings = {
				ASSETCATALOG_COMPILER_APPICON_NAME = AppIcon;
				ASSETCATALOG_COMPILER_GLOBAL_ACCENT_COLOR_NAME = AccentColor;
				CODE_SIGN_STYLE = Automatic;
				CURRENT_PROJECT_VERSION = 1;
				DEVELOPMENT_TEAM = 2F862T5BQ6;
				GENERATE_INFOPLIST_FILE = YES;
				INFOPLIST_FILE = MovieApp/Info.plist;
				INFOPLIST_KEY_UIApplicationSupportsIndirectInputEvents = YES;
				INFOPLIST_KEY_UILaunchStoryboardName = LaunchScreen;
				INFOPLIST_KEY_UIMainStoryboardFile = Main;
				INFOPLIST_KEY_UISupportedInterfaceOrientations_iPad = "UIInterfaceOrientationPortrait UIInterfaceOrientationPortraitUpsideDown UIInterfaceOrientationLandscapeLeft UIInterfaceOrientationLandscapeRight";
				INFOPLIST_KEY_UISupportedInterfaceOrientations_iPhone = "UIInterfaceOrientationPortrait UIInterfaceOrientationLandscapeLeft UIInterfaceOrientationLandscapeRight";
				LD_RUNPATH_SEARCH_PATHS = (
					"$(inherited)",
					"@executable_path/Frameworks",
				);
				MARKETING_VERSION = 1.0;
				PRODUCT_BUNDLE_IDENTIFIER = com.minckan.MovieApp;
				PRODUCT_NAME = "$(TARGET_NAME)";
				SWIFT_EMIT_LOC_STRINGS = YES;
				SWIFT_VERSION = 5.0;
				TARGETED_DEVICE_FAMILY = "1,2";
			};
			name = Release;
		};
		FE1A0A7C294F25E4009170C7 /* Debug */ = {
			isa = XCBuildConfiguration;
			buildSettings = {
				ALWAYS_EMBED_SWIFT_STANDARD_LIBRARIES = YES;
				BUNDLE_LOADER = "$(TEST_HOST)";
				CODE_SIGN_STYLE = Automatic;
				CURRENT_PROJECT_VERSION = 1;
				DEVELOPMENT_TEAM = 2F862T5BQ6;
				GENERATE_INFOPLIST_FILE = YES;
				IPHONEOS_DEPLOYMENT_TARGET = 15.0;
				LD_RUNPATH_SEARCH_PATHS = (
					"$(inherited)",
					"@executable_path/Frameworks",
					"@loader_path/Frameworks",
				);
				MARKETING_VERSION = 1.0;
				PRODUCT_BUNDLE_IDENTIFIER = com.minckan.MovieAppTests;
				PRODUCT_NAME = "$(TARGET_NAME)";
				SWIFT_EMIT_LOC_STRINGS = NO;
				SWIFT_VERSION = 5.0;
				TARGETED_DEVICE_FAMILY = "1,2";
				TEST_HOST = "$(BUILT_PRODUCTS_DIR)/MovieApp.app/MovieApp";
			};
			name = Debug;
		};
		FE1A0A7D294F25E4009170C7 /* Release */ = {
			isa = XCBuildConfiguration;
			buildSettings = {
				ALWAYS_EMBED_SWIFT_STANDARD_LIBRARIES = YES;
				BUNDLE_LOADER = "$(TEST_HOST)";
				CODE_SIGN_STYLE = Automatic;
				CURRENT_PROJECT_VERSION = 1;
				DEVELOPMENT_TEAM = 2F862T5BQ6;
				GENERATE_INFOPLIST_FILE = YES;
				IPHONEOS_DEPLOYMENT_TARGET = 15.0;
				LD_RUNPATH_SEARCH_PATHS = (
					"$(inherited)",
					"@executable_path/Frameworks",
					"@loader_path/Frameworks",
				);
				MARKETING_VERSION = 1.0;
				PRODUCT_BUNDLE_IDENTIFIER = com.minckan.MovieAppTests;
				PRODUCT_NAME = "$(TARGET_NAME)";
				SWIFT_EMIT_LOC_STRINGS = NO;
				SWIFT_VERSION = 5.0;
				TARGETED_DEVICE_FAMILY = "1,2";
				TEST_HOST = "$(BUILT_PRODUCTS_DIR)/MovieApp.app/MovieApp";
			};
			name = Release;
		};
		FE1A0A7F294F25E4009170C7 /* Debug */ = {
			isa = XCBuildConfiguration;
			buildSettings = {
				ALWAYS_EMBED_SWIFT_STANDARD_LIBRARIES = YES;
				CODE_SIGN_STYLE = Automatic;
				CURRENT_PROJECT_VERSION = 1;
				DEVELOPMENT_TEAM = 2F862T5BQ6;
				GENERATE_INFOPLIST_FILE = YES;
				LD_RUNPATH_SEARCH_PATHS = (
					"$(inherited)",
					"@executable_path/Frameworks",
					"@loader_path/Frameworks",
				);
				MARKETING_VERSION = 1.0;
				PRODUCT_BUNDLE_IDENTIFIER = com.minckan.MovieAppUITests;
				PRODUCT_NAME = "$(TARGET_NAME)";
				SWIFT_EMIT_LOC_STRINGS = NO;
				SWIFT_VERSION = 5.0;
				TARGETED_DEVICE_FAMILY = "1,2";
				TEST_TARGET_NAME = MovieApp;
			};
			name = Debug;
		};
		FE1A0A80294F25E4009170C7 /* Release */ = {
			isa = XCBuildConfiguration;
			buildSettings = {
				ALWAYS_EMBED_SWIFT_STANDARD_LIBRARIES = YES;
				CODE_SIGN_STYLE = Automatic;
				CURRENT_PROJECT_VERSION = 1;
				DEVELOPMENT_TEAM = 2F862T5BQ6;
				GENERATE_INFOPLIST_FILE = YES;
				LD_RUNPATH_SEARCH_PATHS = (
					"$(inherited)",
					"@executable_path/Frameworks",
					"@loader_path/Frameworks",
				);
				MARKETING_VERSION = 1.0;
				PRODUCT_BUNDLE_IDENTIFIER = com.minckan.MovieAppUITests;
				PRODUCT_NAME = "$(TARGET_NAME)";
				SWIFT_EMIT_LOC_STRINGS = NO;
				SWIFT_VERSION = 5.0;
				TARGETED_DEVICE_FAMILY = "1,2";
				TEST_TARGET_NAME = MovieApp;
			};
			name = Release;
		};
/* End XCBuildConfiguration section */

/* Begin XCConfigurationList section */
		FE1A0A49294F25E3009170C7 /* Build configuration list for PBXProject "MovieApp" */ = {
			isa = XCConfigurationList;
			buildConfigurations = (
				FE1A0A76294F25E4009170C7 /* Debug */,
				FE1A0A77294F25E4009170C7 /* Release */,
			);
			defaultConfigurationIsVisible = 0;
			defaultConfigurationName = Release;
		};
		FE1A0A78294F25E4009170C7 /* Build configuration list for PBXNativeTarget "MovieApp" */ = {
			isa = XCConfigurationList;
			buildConfigurations = (
				FE1A0A79294F25E4009170C7 /* Debug */,
				FE1A0A7A294F25E4009170C7 /* Release */,
			);
			defaultConfigurationIsVisible = 0;
			defaultConfigurationName = Release;
		};
		FE1A0A7B294F25E4009170C7 /* Build configuration list for PBXNativeTarget "MovieAppTests" */ = {
			isa = XCConfigurationList;
			buildConfigurations = (
				FE1A0A7C294F25E4009170C7 /* Debug */,
				FE1A0A7D294F25E4009170C7 /* Release */,
			);
			defaultConfigurationIsVisible = 0;
			defaultConfigurationName = Release;
		};
		FE1A0A7E294F25E4009170C7 /* Build configuration list for PBXNativeTarget "MovieAppUITests" */ = {
			isa = XCConfigurationList;
			buildConfigurations = (
				FE1A0A7F294F25E4009170C7 /* Debug */,
				FE1A0A80294F25E4009170C7 /* Release */,
			);
			defaultConfigurationIsVisible = 0;
			defaultConfigurationName = Release;
		};
/* End XCConfigurationList section */
	};
	rootObject = FE1A0A46294F25E3009170C7 /* Project object */;
}
